{
  "nodes": {
    "flake-parts": {
      "inputs": {
        "nixpkgs-lib": "nixpkgs-lib"
      },
      "locked": {
        "lastModified": 1671710971,
        "narHash": "sha256-YZdt5IJrfsdUTtVB94EMsBvaJbK9ve6QaZyzRuup+sY=",
        "owner": "hercules-ci",
        "repo": "flake-parts",
        "rev": "98bec08c58a9547d705f2f5e300ac8eef6665e52",
        "type": "github"
      },
      "original": {
        "owner": "hercules-ci",
        "repo": "flake-parts",
        "type": "github"
      }
    },
    "nixpkgs": {
      "locked": {
        "lastModified": 1671997655,
        "narHash": "sha256-8zUwvnJrBwiFIdw9VgARj1PIQsto5Spn9J5v34b0O7A=",
        "owner": "NixOS",
        "repo": "nixpkgs",
        "rev": "aac1f0b25e6b04afad8e05dec5828f5c02398bd1",
        "type": "github"
      },
      "original": {
        "id": "nixpkgs",
        "type": "indirect"
      }
    },
    "nixpkgs-lib": {
      "locked": {
        "dir": "lib",
        "lastModified": 1671359686,
        "narHash": "sha256-3MpC6yZo+Xn9cPordGz2/ii6IJpP2n8LE8e/ebUXLrs=",
        "owner": "NixOS",
        "repo": "nixpkgs",
        "rev": "04f574a1c0fde90b51bf68198e2297ca4e7cccf4",
        "type": "github"
      },
      "original": {
        "dir": "lib",
        "owner": "NixOS",
        "ref": "nixos-unstable",
        "repo": "nixpkgs",
        "type": "github"
      }
    },
    "root": {
      "inputs": {
        "flake-parts": "flake-parts",
        "nixpkgs": "nixpkgs"
      }
    }
  },
  "root": "root",
  "version": 7
}
